
Microsoft Visual Studio Solution File, Format Version 12.00
# Visual Studio Version 16
VisualStudioVersion = 16.0.30907.101
MinimumVisualStudioVersion = 10.0.40219.1
Project("{FAE04EC0-301F-11D3-BF4B-00C04F79EFBC}") = "Dama", "Dama\Dama.csproj", "{FA4B1FEC-9005-42BB-ABDF-61F0A932AA91}"
EndProject
Global
	GlobalSection(SolutionConfigurationPlatforms) = preSolution
		Debug|Any CPU = Debug|Any CPU
		Release|Any CPU = Release|Any CPU
	EndGlobalSection
	GlobalSection(ProjectConfigurationPlatforms) = postSolution
		{FA4B1FEC-9005-42BB-ABDF-61F0A932AA91}.Debug|Any CPU.ActiveCfg = Debug|Any CPU
		{FA4B1FEC-9005-42BB-ABDF-61F0A932AA91}.Debug|Any CPU.Build.0 = Debug|Any CPU
		{FA4B1FEC-9005-42BB-ABDF-61F0A932AA91}.Release|Any CPU.ActiveCfg = Release|Any CPU
		{FA4B1FEC-9005-42BB-ABDF-61F0A932AA91}.Release|Any CPU.Build.0 = Release|Any CPU
	EndGlobalSection
	GlobalSection(SolutionProperties) = preSolution
		HideSolutionNode = FALSE
	EndGlobalSection
	GlobalSection(ExtensibilityGlobals) = postSolution
		SolutionGuid = {10852B26-20CC-4A03-A82D-5DB6075E2484}
	EndGlobalSection
EndGlobal
